// !$*UTF8*$!
{
	archiveVersion = 1;
	classes = {
	};
	objectVersion = 50;
	objects = {

/* Begin PBXBuildFile section */
		D928FF2721A450830014A695 /* AppDelegate.swift in Sources */ = {isa = PBXBuildFile; fileRef = D928FF2621A450830014A695 /* AppDelegate.swift */; };
		D928FF2C21A450830014A695 /* Main.storyboard in Resources */ = {isa = PBXBuildFile; fileRef = D928FF2A21A450830014A695 /* Main.storyboard */; };
		D928FF2E21A450850014A695 /* Assets.xcassets in Resources */ = {isa = PBXBuildFile; fileRef = D928FF2D21A450850014A695 /* Assets.xcassets */; };
		D928FF3121A450850014A695 /* LaunchScreen.storyboard in Resources */ = {isa = PBXBuildFile; fileRef = D928FF2F21A450850014A695 /* LaunchScreen.storyboard */; };
		D928FF3921A450CD0014A695 /* ContactsViewController.swift in Sources */ = {isa = PBXBuildFile; fileRef = D928FF3821A450CD0014A695 /* ContactsViewController.swift */; };
		D928FF3B21A450DC0014A695 /* Contact.swift in Sources */ = {isa = PBXBuildFile; fileRef = D928FF3A21A450DC0014A695 /* Contact.swift */; };
		D928FF3D21A455150014A695 /* ContactCell.swift in Sources */ = {isa = PBXBuildFile; fileRef = D928FF3C21A455150014A695 /* ContactCell.swift */; };
		D928FF3F21A46CD90014A695 /* UIView+Extensions.swift in Sources */ = {isa = PBXBuildFile; fileRef = D928FF3E21A46CD90014A695 /* UIView+Extensions.swift */; };
/* End PBXBuildFile section */

/* Begin PBXFileReference section */
		D928FF2321A450830014A695 /* DragAndDropCellDemo.app */ = {isa = PBXFileReference; explicitFileType = wrapper.application; includeInIndex = 0; path = DragAndDropCellDemo.app; sourceTree = BUILT_PRODUCTS_DIR; };
		D928FF2621A450830014A695 /* AppDelegate.swift */ = {isa = PBXFileReference; lastKnownFileType = sourcecode.swift; path = AppDelegate.swift; sourceTree = "<group>"; };
		D928FF2B21A450830014A695 /* Base */ = {isa = PBXFileReference; lastKnownFileType = file.storyboard; name = Base; path = Base.lproj/Main.storyboard; sourceTree = "<group>"; };
		D928FF2D21A450850014A695 /* Assets.xcassets */ = {isa = PBXFileReference; lastKnownFileType = folder.assetcatalog; path = Assets.xcassets; sourceTree = "<group>"; };
		D928FF3021A450850014A695 /* Base */ = {isa = PBXFileReference; lastKnownFileType = file.storyboard; name = Base; path = Base.lproj/LaunchScreen.storyboard; sourceTree = "<group>"; };
		D928FF3221A450850014A695 /* Info.plist */ = {isa = PBXFileReference; lastKnownFileType = text.plist.xml; path = Info.plist; sourceTree = "<group>"; };
		D928FF3821A450CD0014A695 /* ContactsViewController.swift */ = {isa = PBXFileReference; lastKnownFileType = sourcecode.swift; path = ContactsViewController.swift; sourceTree = "<group>"; };
		D928FF3A21A450DC0014A695 /* Contact.swift */ = {isa = PBXFileReference; lastKnownFileType = sourcecode.swift; path = Contact.swift; sourceTree = "<group>"; };
		D928FF3C21A455150014A695 /* ContactCell.swift */ = {isa = PBXFileReference; lastKnownFileType = sourcecode.swift; path = ContactCell.swift; sourceTree = "<group>"; };
		D928FF3E21A46CD90014A695 /* UIView+Extensions.swift */ = {isa = PBXFileReference; lastKnownFileType = sourcecode.swift; path = "UIView+Extensions.swift"; sourceTree = "<group>"; };
/* End PBXFileReference section */

/* Begin PBXFrameworksBuildPhase section */
		D928FF2021A450830014A695 /* Frameworks */ = {
			isa = PBXFrameworksBuildPhase;
			buildActionMask = 2147483647;
			files = (
			);
			runOnlyForDeploymentPostprocessing = 0;
		};
/* End PBXFrameworksBuildPhase section */

/* Begin PBXGroup section */
		D928FF1A21A450830014A695 = {
			isa = PBXGroup;
			children = (
				D928FF2521A450830014A695 /* DragAndDropCellDemo */,
				D928FF2421A450830014A695 /* Products */,
			);
			sourceTree = "<group>";
		};
		D928FF2421A450830014A695 /* Products */ = {
			isa = PBXGroup;
			children = (
				D928FF2321A450830014A695 /* DragAndDropCellDemo.app */,
			);
			name = Products;
			sourceTree = "<group>";
		};
		D928FF2521A450830014A695 /* DragAndDropCellDemo */ = {
			isa = PBXGroup;
			children = (
				D928FF2621A450830014A695 /* AppDelegate.swift */,
				D928FF2A21A450830014A695 /* Main.storyboard */,
				D928FF2D21A450850014A695 /* Assets.xcassets */,
				D928FF2F21A450850014A695 /* LaunchScreen.storyboard */,
				D928FF3221A450850014A695 /* Info.plist */,
				D928FF3821A450CD0014A695 /* ContactsViewController.swift */,
				D928FF3A21A450DC0014A695 /* Contact.swift */,
				D928FF3C21A455150014A695 /* ContactCell.swift */,
				D928FF3E21A46CD90014A695 /* UIView+Extensions.swift */,
			);
			path = DragAndDropCellDemo;
			sourceTree = "<group>";
		};
/* End PBXGroup section */

/* Begin PBXNativeTarget section */
		D928FF2221A450830014A695 /* DragAndDropCellDemo */ = {
			isa = PBXNativeTarget;
			buildConfigurationList = D928FF3521A450850014A695 /* Build configuration list for PBXNativeTarget "DragAndDropCellDemo" */;
			buildPhases = (
				D928FF1F21A450830014A695 /* Sources */,
				D928FF2021A450830014A695 /* Frameworks */,
				D928FF2121A450830014A695 /* Resources */,
			);
			buildRules = (
			);
			dependencies = (
			);
			name = DragAndDropCellDemo;
			productName = DragAndDropCellDemo;
			productReference = D928FF2321A450830014A695 /* DragAndDropCellDemo.app */;
			productType = "com.apple.product-type.application";
		};
/* End PBXNativeTarget section */

/* Begin PBXProject section */
		D928FF1B21A450830014A695 /* Project object */ = {
			isa = PBXProject;
			attributes = {
				LastSwiftUpdateCheck = 1010;
				LastUpgradeCheck = 1010;
				ORGANIZATIONNAME = None;
				TargetAttributes = {
					D928FF2221A450830014A695 = {
						CreatedOnToolsVersion = 10.1;
					};
				};
			};
			buildConfigurationList = D928FF1E21A450830014A695 /* Build configuration list for PBXProject "DragAndDropCellDemo" */;
			compatibilityVersion = "Xcode 9.3";
			developmentRegion = en;
			hasScannedForEncodings = 0;
			knownRegions = (
				en,
				Base,
			);
			mainGroup = D928FF1A21A450830014A695;
			productRefGroup = D928FF2421A450830014A695 /* Products */;
			projectDirPath = "";
			projectRoot = "";
			targets = (
				D928FF2221A450830014A695 /* DragAndDropCellDemo */,
			);
		};
/* End PBXProject section */

/* Begin PBXResourcesBuildPhase section */
		D928FF2121A450830014A695 /* Resources */ = {
			isa = PBXResourcesBuildPhase;
			buildActionMask = 2147483647;
			files = (
				D928FF3121A450850014A695 /* LaunchScreen.storyboard in Resources */,
				D928FF2E21A450850014A695 /* Assets.xcassets in Resources */,
				D928FF2C21A450830014A695 /* Main.storyboard in Resources */,
			);
			runOnlyForDeploymentPostprocessing = 0;
		};
/* End PBXResourcesBuildPhase section */

/* Begin PBXSourcesBuildPhase section */
		D928FF1F21A450830014A695 /* Sources */ = {
			isa = PBXSourcesBuildPhase;
			buildActionMask = 2147483647;
			files = (
				D928FF3D21A455150014A695 /* ContactCell.swift in Sources */,
				D928FF3B21A450DC0014A695 /* Contact.swift in Sources */,
				D928FF3F21A46CD90014A695 /* UIView+Extensions.swift in Sources */,
				D928FF2721A450830014A695 /* AppDelegate.swift in Sources */,
				D928FF3921A450CD0014A695 /* ContactsViewController.swift in Sources */,
			);
			runOnlyForDeploymentPostprocessing = 0;
		};
/* End PBXSourcesBuildPhase section */

/* Begin PBXVariantGroup section */
		D928FF2A21A450830014A695 /* Main.storyboard */ = {
			isa = PBXVariantGroup;
			children = (
				D928FF2B21A450830014A695 /* Base */,
			);
			name = Main.storyboard;
			sourceTree = "<group>";
		};
		D928FF2F21A450850014A695 /* LaunchScreen.storyboard */ = {
			isa = PBXVariantGroup;
			children = (
				D928FF3021A450850014A695 /* Base */,
			);
			name = LaunchScreen.storyboard;
			sourceTree = "<group>";
		};
/* End PBXVariantGroup section */

/* Begin XCBuildConfiguration section */
		D928FF3321A450850014A695 /* Debug */ = {
			isa = XCBuildConfiguration;
			buildSettings = {
				ALWAYS_SEARCH_USER_PATHS = NO;
				CLANG_ANALYZER_NONNULL = YES;
				CLANG_ANALYZER_NUMBER_OBJECT_CONVERSION = YES_AGGRESSIVE;
				CLANG_CXX_LANGUAGE_STANDARD = "gnu++14";
				CLANG_CXX_LIBRARY = "libc++";
				CLANG_ENABLE_MODULES = YES;
				CLANG_ENABLE_OBJC_ARC = YES;
				CLANG_ENABLE_OBJC_WEAK = YES;
				CLANG_WARN_BLOCK_CAPTURE_AUTORELEASING = YES;
				CLANG_WARN_BOOL_CONVERSION = YES;
				CLANG_WARN_COMMA = YES;
				CLANG_WARN_CONSTANT_CONVERSION = YES;
				CLANG_WARN_DEPRECATED_OBJC_IMPLEMENTATIONS = YES;
				CLANG_WARN_DIRECT_OBJC_ISA_USAGE = YES_ERROR;
				CLANG_WARN_DOCUMENTATION_COMMENTS = YES;
				CLANG_WARN_EMPTY_BODY = YES;
				CLANG_WARN_ENUM_CONVERSION = YES;
				CLANG_WARN_INFINITE_RECURSION = YES;
				CLANG_WARN_INT_CONVERSION = YES;
				CLANG_WARN_NON_LITERAL_NULL_CONVERSION = YES;
				CLANG_WARN_OBJC_IMPLICIT_RETAIN_SELF = YES;
				CLANG_WARN_OBJC_LITERAL_CONVERSION = YES;
				CLANG_WARN_OBJC_ROOT_CLASS = YES_ERROR;
				CLANG_WARN_RANGE_LOOP_ANALYSIS = YES;
				CLANG_WARN_STRICT_PROTOTYPES = YES;
				CLANG_WARN_SUSPICIOUS_MOVE = YES;
				CLANG_WARN_UNGUARDED_AVAILABILITY = YES_AGGRESSIVE;
				CLANG_WARN_UNREACHABLE_CODE = YES;
				CLANG_WARN__DUPLICATE_METHOD_MATCH = YES;
				CODE_SIGN_IDENTITY = "iPhone Developer";
				COPY_PHASE_STRIP = NO;
				DEBUG_INFORMATION_FORMAT = dwarf;
				ENABLE_STRICT_OBJC_MSGSEND = YES;
				ENABLE_TESTABILITY = YES;
				GCC_C_LANGUAGE_STANDARD = gnu11;
				GCC_DYNAMIC_NO_PIC = NO;
				GCC_NO_COMMON_BLOCKS = YES;
				GCC_OPTIMIZATION_LEVEL = 0;
				GCC_PREPROCESSOR_DEFINITIONS = (
					"DEBUG=1",
					"$(inherited)",
				);
				GCC_WARN_64_TO_32_BIT_CONVERSION = YES;
				GCC_WARN_ABOUT_RETURN_TYPE = YES_ERROR;
				GCC_WARN_UNDECLARED_SELECTOR = YES;
				GCC_WARN_UNINITIALIZED_AUTOS = YES_AGGRESSIVE;
				GCC_WARN_UNUSED_FUNCTION = YES;
				GCC_WARN_UNUSED_VARIABLE = YES;
				IPHONEOS_DEPLOYMENT_TARGET = 12.1;
				MTL_ENABLE_DEBUG_INFO = INCLUDE_SOURCE;
				MTL_FAST_MATH = YES;
				ONLY_ACTIVE_ARCH = YES;
				SDKROOT = iphoneos;
				SWIFT_ACTIVE_COMPILATION_CONDITIONS = DEBUG;
				SWIFT_OPTIMIZATION_LEVEL = "-Onone";
			};
			name = Debug;
		};
		D928FF3421A450850014A695 /* Release */ = {
			isa = XCBuildConfiguration;
			buildSettings = {
				ALWAYS_SEARCH_USER_PATHS = NO;
				CLANG_ANALYZER_NONNULL = YES;
				CLANG_ANALYZER_NUMBER_OBJECT_CONVERSION = YES_AGGRESSIVE;
				CLANG_CXX_LANGUAGE_STANDARD = "gnu++14";
				CLANG_CXX_LIBRARY = "libc++";
				CLANG_ENABLE_MODULES = YES;
				CLANG_ENABLE_OBJC_ARC = YES;
				CLANG_ENABLE_OBJC_WEAK = YES;
				CLANG_WARN_BLOCK_CAPTURE_AUTORELEASING = YES;
				CLANG_WARN_BOOL_CONVERSION = YES;
				CLANG_WARN_COMMA = YES;
				CLANG_WARN_CONSTANT_CONVERSION = YES;
				CLANG_WARN_DEPRECATED_OBJC_IMPLEMENTATIONS = YES;
				CLANG_WARN_DIRECT_OBJC_ISA_USAGE = YES_ERROR;
				CLANG_WARN_DOCUMENTATION_COMMENTS = YES;
				CLANG_WARN_EMPTY_BODY = YES;
				CLANG_WARN_ENUM_CONVERSION = YES;
				CLANG_WARN_INFINITE_RECURSION = YES;
				CLANG_WARN_INT_CONVERSION = YES;
				CLANG_WARN_NON_LITERAL_NULL_CONVERSION = YES;
				CLANG_WARN_OBJC_IMPLICIT_RETAIN_SELF = YES;
				CLANG_WARN_OBJC_LITERAL_CONVERSION = YES;
				CLANG_WARN_OBJC_ROOT_CLASS = YES_ERROR;
				CLANG_WARN_RANGE_LOOP_ANALYSIS = YES;
				CLANG_WARN_STRICT_PROTOTYPES = YES;
				CLANG_WARN_SUSPICIOUS_MOVE = YES;
				CLANG_WARN_UNGUARDED_AVAILABILITY = YES_AGGRESSIVE;
				CLANG_WARN_UNREACHABLE_CODE = YES;
				CLANG_WARN__DUPLICATE_METHOD_MATCH = YES;
				CODE_SIGN_IDENTITY = "iPhone Developer";
				COPY_PHASE_STRIP = NO;
				DEBUG_INFORMATION_FORMAT = "dwarf-with-dsym";
				ENABLE_NS_ASSERTIONS = NO;
				ENABLE_STRICT_OBJC_MSGSEND = YES;
				GCC_C_LANGUAGE_STANDARD = gnu11;
				GCC_NO_COMMON_BLOCKS = YES;
				GCC_WARN_64_TO_32_BIT_CONVERSION = YES;
				GCC_WARN_ABOUT_RETURN_TYPE = YES_ERROR;
				GCC_WARN_UNDECLARED_SELECTOR = YES;
				GCC_WARN_UNINITIALIZED_AUTOS = YES_AGGRESSIVE;
				GCC_WARN_UNUSED_FUNCTION = YES;
				GCC_WARN_UNUSED_VARIABLE = YES;
				IPHONEOS_DEPLOYMENT_TARGET = 12.1;
				MTL_ENABLE_DEBUG_INFO = NO;
				MTL_FAST_MATH = YES;
				SDKROOT = iphoneos;
				SWIFT_COMPILATION_MODE = wholemodule;
				SWIFT_OPTIMIZATION_LEVEL = "-O";
				VALIDATE_PRODUCT = YES;
			};
			name = Release;
		};
		D928FF3621A450850014A695 /* Debug */ = {
			isa = XCBuildConfiguration;
			buildSettings = {
				ASSETCATALOG_COMPILER_APPICON_NAME = AppIcon;
				CODE_SIGN_STYLE = Manual;
				DEVELOPMENT_TEAM = "";
				INFOPLIST_FILE = DragAndDropCellDemo/Info.plist;
				LD_RUNPATH_SEARCH_PATHS = (
					"$(inherited)",
					"@executable_path/Frameworks",
				);
				PRODUCT_BUNDLE_IDENTIFIER = com.none.DragAndDropCellDemo.DragAndDropCellDemo;
				PRODUCT_NAME = "$(TARGET_NAME)";
				PROVISIONING_PROFILE_SPECIFIER = "";
				SWIFT_VERSION = 4.2;
				TARGETED_DEVICE_FAMILY = "1,2";
			};
			name = Debug;
		};
		D928FF3721A450850014A695 /* Release */ = {
			isa = XCBuildConfiguration;
			buildSettings = {
				ASSETCATALOG_COMPILER_APPICON_NAME = AppIcon;
				CODE_SIGN_STYLE = Manual;
				DEVELOPMENT_TEAM = "";
				INFOPLIST_FILE = DragAndDropCellDemo/Info.plist;
				LD_RUNPATH_SEARCH_PATHS = (
					"$(inherited)",
					"@executable_path/Frameworks",
				);
				PRODUCT_BUNDLE_IDENTIFIER = com.none.DragAndDropCellDemo.DragAndDropCellDemo;
				PRODUCT_NAME = "$(TARGET_NAME)";
				PROVISIONING_PROFILE_SPECIFIER = "";
				SWIFT_VERSION = 4.2;
				TARGETED_DEVICE_FAMILY = "1,2";
			};
			name = Release;
		};
/* End XCBuildConfiguration section */

/* Begin XCConfigurationList section */
		D928FF1E21A450830014A695 /* Build configuration list for PBXProject "DragAndDropCellDemo" */ = {
			isa = XCConfigurationList;
			buildConfigurations = (
				D928FF3321A450850014A695 /* Debug */,
				D928FF3421A450850014A695 /* Release */,
			);
			defaultConfigurationIsVisible = 0;
			defaultConfigurationName = Release;
		};
		D928FF3521A450850014A695 /* Build configuration list for PBXNativeTarget "DragAndDropCellDemo" */ = {
			isa = XCConfigurationList;
			buildConfigurations = (
				D928FF3621A450850014A695 /* Debug */,
				D928FF3721A450850014A695 /* Release */,
			);
			defaultConfigurationIsVisible = 0;
			defaultConfigurationName = Release;
		};
/* End XCConfigurationList section */
	};
	rootObject = D928FF1B21A450830014A695 /* Project object */;
}
